// !$*UTF8*$!
{
	archiveVersion = 1;
	classes = {
	};
	objectVersion = 55;
	objects = {

/* Begin PBXBuildFile section */
		2F846C7A28402C20008A5E25 /* GitAppApp.swift in Sources */ = {isa = PBXBuildFile; fileRef = 2F846C7928402C20008A5E25 /* GitAppApp.swift */; };
		2F846C7C28402C20008A5E25 /* ContentView.swift in Sources */ = {isa = PBXBuildFile; fileRef = 2F846C7B28402C20008A5E25 /* ContentView.swift */; };
		2F846C7E28402C25008A5E25 /* Assets.xcassets in Resources */ = {isa = PBXBuildFile; fileRef = 2F846C7D28402C25008A5E25 /* Assets.xcassets */; };
		2F846C8128402C25008A5E25 /* Preview Assets.xcassets in Resources */ = {isa = PBXBuildFile; fileRef = 2F846C8028402C25008A5E25 /* Preview Assets.xcassets */; };
		2F846C8E28402D2F008A5E25 /* Constants.swift in Sources */ = {isa = PBXBuildFile; fileRef = 2F846C8D28402D2F008A5E25 /* Constants.swift */; };
		2F846C9028402D3A008A5E25 /* Strings.swift in Sources */ = {isa = PBXBuildFile; fileRef = 2F846C8F28402D3A008A5E25 /* Strings.swift */; };
		2F846C9228402D66008A5E25 /* Defaults.swift in Sources */ = {isa = PBXBuildFile; fileRef = 2F846C9128402D66008A5E25 /* Defaults.swift */; };
		2F846C9428402D76008A5E25 /* KeychainHelper.swift in Sources */ = {isa = PBXBuildFile; fileRef = 2F846C9328402D76008A5E25 /* KeychainHelper.swift */; };
		2F846C9628402DB7008A5E25 /* MRepositoriesList.swift in Sources */ = {isa = PBXBuildFile; fileRef = 2F846C9528402DB7008A5E25 /* MRepositoriesList.swift */; };
		2F846C9828402DD0008A5E25 /* MRepository.swift in Sources */ = {isa = PBXBuildFile; fileRef = 2F846C9728402DD0008A5E25 /* MRepository.swift */; };
		2F846C9A28402E03008A5E25 /* MOwner.swift in Sources */ = {isa = PBXBuildFile; fileRef = 2F846C9928402E03008A5E25 /* MOwner.swift */; };
		2F846C9C28402E17008A5E25 /* MCommit.swift in Sources */ = {isa = PBXBuildFile; fileRef = 2F846C9B28402E17008A5E25 /* MCommit.swift */; };
		2F846C9E28402E36008A5E25 /* MCommitDetail.swift in Sources */ = {isa = PBXBuildFile; fileRef = 2F846C9D28402E36008A5E25 /* MCommitDetail.swift */; };
		2F846CA028402E4B008A5E25 /* MAuthor.swift in Sources */ = {isa = PBXBuildFile; fileRef = 2F846C9F28402E4B008A5E25 /* MAuthor.swift */; };
		2F846CA228402E62008A5E25 /* MUser.swift in Sources */ = {isa = PBXBuildFile; fileRef = 2F846CA128402E62008A5E25 /* MUser.swift */; };
		2F846CA428402E7F008A5E25 /* UserViewModel.swift in Sources */ = {isa = PBXBuildFile; fileRef = 2F846CA328402E7F008A5E25 /* UserViewModel.swift */; };
		2F846CA628402E98008A5E25 /* DataViewModel.swift in Sources */ = {isa = PBXBuildFile; fileRef = 2F846CA528402E98008A5E25 /* DataViewModel.swift */; };
		2F846CA828402EB3008A5E25 /* MainView.swift in Sources */ = {isa = PBXBuildFile; fileRef = 2F846CA728402EB3008A5E25 /* MainView.swift */; };
		2F846CAA28402ED5008A5E25 /* RepositoryDetailView.swift in Sources */ = {isa = PBXBuildFile; fileRef = 2F846CA928402ED5008A5E25 /* RepositoryDetailView.swift */; };
		2F846CAC28402EE8008A5E25 /* UserView.swift in Sources */ = {isa = PBXBuildFile; fileRef = 2F846CAB28402EE8008A5E25 /* UserView.swift */; };
		2F846CAE28402F1A008A5E25 /* RepositoryCell.swift in Sources */ = {isa = PBXBuildFile; fileRef = 2F846CAD28402F1A008A5E25 /* RepositoryCell.swift */; };
		2F846CB028402F32008A5E25 /* CommitCell.swift in Sources */ = {isa = PBXBuildFile; fileRef = 2F846CAF28402F32008A5E25 /* CommitCell.swift */; };
		2F846CB228402F4E008A5E25 /* UserCell.swift in Sources */ = {isa = PBXBuildFile; fileRef = 2F846CB128402F4E008A5E25 /* UserCell.swift */; };
		2F846CB428402FA4008A5E25 /* Request.swift in Sources */ = {isa = PBXBuildFile; fileRef = 2F846CB328402FA4008A5E25 /* Request.swift */; };
		2F846CB628402FB0008A5E25 /* ImageDownloader.swift in Sources */ = {isa = PBXBuildFile; fileRef = 2F846CB528402FB0008A5E25 /* ImageDownloader.swift */; };
		2F846CB828402FBF008A5E25 /* ViewExtension.swift in Sources */ = {isa = PBXBuildFile; fileRef = 2F846CB728402FBF008A5E25 /* ViewExtension.swift */; };
		2F846CBA28402FCC008A5E25 /* ColorExtension.swift in Sources */ = {isa = PBXBuildFile; fileRef = 2F846CB928402FCC008A5E25 /* ColorExtension.swift */; };
		2F846CBC28402FDC008A5E25 /* StringExtension.swift in Sources */ = {isa = PBXBuildFile; fileRef = 2F846CBB28402FDC008A5E25 /* StringExtension.swift */; };
		2F846CBE28402FEB008A5E25 /* DateExtension.swift in Sources */ = {isa = PBXBuildFile; fileRef = 2F846CBD28402FEB008A5E25 /* DateExtension.swift */; };
/* End PBXBuildFile section */

/* Begin PBXFileReference section */
		2F846C7628402C20008A5E25 /* GitApp.app */ = {isa = PBXFileReference; explicitFileType = wrapper.application; includeInIndex = 0; path = GitApp.app; sourceTree = BUILT_PRODUCTS_DIR; };
		2F846C7928402C20008A5E25 /* GitAppApp.swift */ = {isa = PBXFileReference; lastKnownFileType = sourcecode.swift; path = GitAppApp.swift; sourceTree = "<group>"; };
		2F846C7B28402C20008A5E25 /* ContentView.swift */ = {isa = PBXFileReference; lastKnownFileType = sourcecode.swift; path = ContentView.swift; sourceTree = "<group>"; };
		2F846C7D28402C25008A5E25 /* Assets.xcassets */ = {isa = PBXFileReference; lastKnownFileType = folder.assetcatalog; path = Assets.xcassets; sourceTree = "<group>"; };
		2F846C8028402C25008A5E25 /* Preview Assets.xcassets */ = {isa = PBXFileReference; lastKnownFileType = folder.assetcatalog; path = "Preview Assets.xcassets"; sourceTree = "<group>"; };
		2F846C8D28402D2F008A5E25 /* Constants.swift */ = {isa = PBXFileReference; lastKnownFileType = sourcecode.swift; path = Constants.swift; sourceTree = "<group>"; };
		2F846C8F28402D3A008A5E25 /* Strings.swift */ = {isa = PBXFileReference; lastKnownFileType = sourcecode.swift; path = Strings.swift; sourceTree = "<group>"; };
		2F846C9128402D66008A5E25 /* Defaults.swift */ = {isa = PBXFileReference; lastKnownFileType = sourcecode.swift; path = Defaults.swift; sourceTree = "<group>"; };
		2F846C9328402D76008A5E25 /* KeychainHelper.swift */ = {isa = PBXFileReference; lastKnownFileType = sourcecode.swift; path = KeychainHelper.swift; sourceTree = "<group>"; };
		2F846C9528402DB7008A5E25 /* MRepositoriesList.swift */ = {isa = PBXFileReference; lastKnownFileType = sourcecode.swift; path = MRepositoriesList.swift; sourceTree = "<group>"; };
		2F846C9728402DD0008A5E25 /* MRepository.swift */ = {isa = PBXFileReference; lastKnownFileType = sourcecode.swift; path = MRepository.swift; sourceTree = "<group>"; };
		2F846C9928402E03008A5E25 /* MOwner.swift */ = {isa = PBXFileReference; lastKnownFileType = sourcecode.swift; path = MOwner.swift; sourceTree = "<group>"; };
		2F846C9B28402E17008A5E25 /* MCommit.swift */ = {isa = PBXFileReference; lastKnownFileType = sourcecode.swift; path = MCommit.swift; sourceTree = "<group>"; };
		2F846C9D28402E36008A5E25 /* MCommitDetail.swift */ = {isa = PBXFileReference; lastKnownFileType = sourcecode.swift; path = MCommitDetail.swift; sourceTree = "<group>"; };
		2F846C9F28402E4B008A5E25 /* MAuthor.swift */ = {isa = PBXFileReference; lastKnownFileType = sourcecode.swift; path = MAuthor.swift; sourceTree = "<group>"; };
		2F846CA128402E62008A5E25 /* MUser.swift */ = {isa = PBXFileReference; lastKnownFileType = sourcecode.swift; path = MUser.swift; sourceTree = "<group>"; };
		2F846CA328402E7F008A5E25 /* UserViewModel.swift */ = {isa = PBXFileReference; lastKnownFileType = sourcecode.swift; path = UserViewModel.swift; sourceTree = "<group>"; };
		2F846CA528402E98008A5E25 /* DataViewModel.swift */ = {isa = PBXFileReference; lastKnownFileType = sourcecode.swift; path = DataViewModel.swift; sourceTree = "<group>"; };
		2F846CA728402EB3008A5E25 /* MainView.swift */ = {isa = PBXFileReference; lastKnownFileType = sourcecode.swift; path = MainView.swift; sourceTree = "<group>"; };
		2F846CA928402ED5008A5E25 /* RepositoryDetailView.swift */ = {isa = PBXFileReference; lastKnownFileType = sourcecode.swift; path = RepositoryDetailView.swift; sourceTree = "<group>"; };
		2F846CAB28402EE8008A5E25 /* UserView.swift */ = {isa = PBXFileReference; lastKnownFileType = sourcecode.swift; path = UserView.swift; sourceTree = "<group>"; };
		2F846CAD28402F1A008A5E25 /* RepositoryCell.swift */ = {isa = PBXFileReference; lastKnownFileType = sourcecode.swift; path = RepositoryCell.swift; sourceTree = "<group>"; };
		2F846CAF28402F32008A5E25 /* CommitCell.swift */ = {isa = PBXFileReference; lastKnownFileType = sourcecode.swift; path = CommitCell.swift; sourceTree = "<group>"; };
		2F846CB128402F4E008A5E25 /* UserCell.swift */ = {isa = PBXFileReference; lastKnownFileType = sourcecode.swift; path = UserCell.swift; sourceTree = "<group>"; };
		2F846CB328402FA4008A5E25 /* Request.swift */ = {isa = PBXFileReference; lastKnownFileType = sourcecode.swift; path = Request.swift; sourceTree = "<group>"; };
		2F846CB528402FB0008A5E25 /* ImageDownloader.swift */ = {isa = PBXFileReference; lastKnownFileType = sourcecode.swift; path = ImageDownloader.swift; sourceTree = "<group>"; };
		2F846CB728402FBF008A5E25 /* ViewExtension.swift */ = {isa = PBXFileReference; lastKnownFileType = sourcecode.swift; path = ViewExtension.swift; sourceTree = "<group>"; };
		2F846CB928402FCC008A5E25 /* ColorExtension.swift */ = {isa = PBXFileReference; lastKnownFileType = sourcecode.swift; path = ColorExtension.swift; sourceTree = "<group>"; };
		2F846CBB28402FDC008A5E25 /* StringExtension.swift */ = {isa = PBXFileReference; lastKnownFileType = sourcecode.swift; path = StringExtension.swift; sourceTree = "<group>"; };
		2F846CBD28402FEB008A5E25 /* DateExtension.swift */ = {isa = PBXFileReference; lastKnownFileType = sourcecode.swift; path = DateExtension.swift; sourceTree = "<group>"; };
		2F846CBF28403157008A5E25 /* Info.plist */ = {isa = PBXFileReference; lastKnownFileType = text.plist; path = Info.plist; sourceTree = "<group>"; };
/* End PBXFileReference section */

/* Begin PBXFrameworksBuildPhase section */
		2F846C7328402C20008A5E25 /* Frameworks */ = {
			isa = PBXFrameworksBuildPhase;
			buildActionMask = 2147483647;
			files = (
			);
			runOnlyForDeploymentPostprocessing = 0;
		};
/* End PBXFrameworksBuildPhase section */

/* Begin PBXGroup section */
		2F846C6D28402C20008A5E25 = {
			isa = PBXGroup;
			children = (
				2F846C7828402C20008A5E25 /* GitApp */,
				2F846C7728402C20008A5E25 /* Products */,
			);
			sourceTree = "<group>";
		};
		2F846C7728402C20008A5E25 /* Products */ = {
			isa = PBXGroup;
			children = (
				2F846C7628402C20008A5E25 /* GitApp.app */,
			);
			name = Products;
			sourceTree = "<group>";
		};
		2F846C7828402C20008A5E25 /* GitApp */ = {
			isa = PBXGroup;
			children = (
				2F846CBF28403157008A5E25 /* Info.plist */,
				2F846C8C28402CAF008A5E25 /* commons */,
				2F846C8B28402CA5008A5E25 /* local */,
				2F846C8A28402C9E008A5E25 /* models */,
				2F846C8928402C96008A5E25 /* viewmodels */,
				2F846C8728402C7A008A5E25 /* views */,
				2F846C8828402C85008A5E25 /* utils */,
				2F846C7928402C20008A5E25 /* GitAppApp.swift */,
				2F846C7D28402C25008A5E25 /* Assets.xcassets */,
				2F846C7F28402C25008A5E25 /* Preview Content */,
			);
			path = GitApp;
			sourceTree = "<group>";
		};
		2F846C7F28402C25008A5E25 /* Preview Content */ = {
			isa = PBXGroup;
			children = (
				2F846C8028402C25008A5E25 /* Preview Assets.xcassets */,
			);
			path = "Preview Content";
			sourceTree = "<group>";
		};
		2F846C8728402C7A008A5E25 /* views */ = {
			isa = PBXGroup;
			children = (
				2F846C7B28402C20008A5E25 /* ContentView.swift */,
				2F846CA728402EB3008A5E25 /* MainView.swift */,
				2F846CA928402ED5008A5E25 /* RepositoryDetailView.swift */,
				2F846CAB28402EE8008A5E25 /* UserView.swift */,
				2F846CAD28402F1A008A5E25 /* RepositoryCell.swift */,
				2F846CAF28402F32008A5E25 /* CommitCell.swift */,
				2F846CB128402F4E008A5E25 /* UserCell.swift */,
			);
			path = views;
			sourceTree = "<group>";
		};
		2F846C8828402C85008A5E25 /* utils */ = {
			isa = PBXGroup;
			children = (
				2F846CB328402FA4008A5E25 /* Request.swift */,
				2F846CB528402FB0008A5E25 /* ImageDownloader.swift */,
				2F846CB728402FBF008A5E25 /* ViewExtension.swift */,
				2F846CB928402FCC008A5E25 /* ColorExtension.swift */,
				2F846CBB28402FDC008A5E25 /* StringExtension.swift */,
				2F846CBD28402FEB008A5E25 /* DateExtension.swift */,
			);
			path = utils;
			sourceTree = "<group>";
		};
		2F846C8928402C96008A5E25 /* viewmodels */ = {
			isa = PBXGroup;
			children = (
				2F846CA328402E7F008A5E25 /* UserViewModel.swift */,
				2F846CA528402E98008A5E25 /* DataViewModel.swift */,
			);
			path = viewmodels;
			sourceTree = "<group>";
		};
		2F846C8A28402C9E008A5E25 /* models */ = {
			isa = PBXGroup;
			children = (
				2F846C9528402DB7008A5E25 /* MRepositoriesList.swift */,
				2F846C9728402DD0008A5E25 /* MRepository.swift */,
				2F846C9928402E03008A5E25 /* MOwner.swift */,
				2F846C9B28402E17008A5E25 /* MCommit.swift */,
				2F846C9D28402E36008A5E25 /* MCommitDetail.swift */,
				2F846C9F28402E4B008A5E25 /* MAuthor.swift */,
				2F846CA128402E62008A5E25 /* MUser.swift */,
			);
			path = models;
			sourceTree = "<group>";
		};
		2F846C8B28402CA5008A5E25 /* local */ = {
			isa = PBXGroup;
			children = (
				2F846C9128402D66008A5E25 /* Defaults.swift */,
				2F846C9328402D76008A5E25 /* KeychainHelper.swift */,
			);
			path = local;
			sourceTree = "<group>";
		};
		2F846C8C28402CAF008A5E25 /* commons */ = {
			isa = PBXGroup;
			children = (
				2F846C8D28402D2F008A5E25 /* Constants.swift */,
				2F846C8F28402D3A008A5E25 /* Strings.swift */,
			);
			path = commons;
			sourceTree = "<group>";
		};
/* End PBXGroup section */

/* Begin PBXNativeTarget section */
		2F846C7528402C20008A5E25 /* GitApp */ = {
			isa = PBXNativeTarget;
			buildConfigurationList = 2F846C8428402C25008A5E25 /* Build configuration list for PBXNativeTarget "GitApp" */;
			buildPhases = (
				2F846C7228402C20008A5E25 /* Sources */,
				2F846C7328402C20008A5E25 /* Frameworks */,
				2F846C7428402C20008A5E25 /* Resources */,
			);
			buildRules = (
			);
			dependencies = (
			);
			name = GitApp;
			productName = GitApp;
			productReference = 2F846C7628402C20008A5E25 /* GitApp.app */;
			productType = "com.apple.product-type.application";
		};
/* End PBXNativeTarget section */

/* Begin PBXProject section */
		2F846C6E28402C20008A5E25 /* Project object */ = {
			isa = PBXProject;
			attributes = {
				BuildIndependentTargetsInParallel = 1;
				LastSwiftUpdateCheck = 1340;
				LastUpgradeCheck = 1340;
				TargetAttributes = {
					2F846C7528402C20008A5E25 = {
						CreatedOnToolsVersion = 13.4;
					};
				};
			};
			buildConfigurationList = 2F846C7128402C20008A5E25 /* Build configuration list for PBXProject "GitApp" */;
			compatibilityVersion = "Xcode 13.0";
			developmentRegion = en;
			hasScannedForEncodings = 0;
			knownRegions = (
				en,
				Base,
			);
			mainGroup = 2F846C6D28402C20008A5E25;
			productRefGroup = 2F846C7728402C20008A5E25 /* Products */;
			projectDirPath = "";
			projectRoot = "";
			targets = (
				2F846C7528402C20008A5E25 /* GitApp */,
			);
		};
/* End PBXProject section */

/* Begin PBXResourcesBuildPhase section */
		2F846C7428402C20008A5E25 /* Resources */ = {
			isa = PBXResourcesBuildPhase;
			buildActionMask = 2147483647;
			files = (
				2F846C8128402C25008A5E25 /* Preview Assets.xcassets in Resources */,
				2F846C7E28402C25008A5E25 /* Assets.xcassets in Resources */,
			);
			runOnlyForDeploymentPostprocessing = 0;
		};
/* End PBXResourcesBuildPhase section */

/* Begin PBXSourcesBuildPhase section */
		2F846C7228402C20008A5E25 /* Sources */ = {
			isa = PBXSourcesBuildPhase;
			buildActionMask = 2147483647;
			files = (
				2F846CA028402E4B008A5E25 /* MAuthor.swift in Sources */,
				2F846C9E28402E36008A5E25 /* MCommitDetail.swift in Sources */,
				2F846C9A28402E03008A5E25 /* MOwner.swift in Sources */,
				2F846C7C28402C20008A5E25 /* ContentView.swift in Sources */,
				2F846CBA28402FCC008A5E25 /* ColorExtension.swift in Sources */,
				2F846CB028402F32008A5E25 /* CommitCell.swift in Sources */,
				2F846C9C28402E17008A5E25 /* MCommit.swift in Sources */,
				2F846CB828402FBF008A5E25 /* ViewExtension.swift in Sources */,
				2F846CA428402E7F008A5E25 /* UserViewModel.swift in Sources */,
				2F846C9828402DD0008A5E25 /* MRepository.swift in Sources */,
				2F846CA228402E62008A5E25 /* MUser.swift in Sources */,
				2F846C9428402D76008A5E25 /* KeychainHelper.swift in Sources */,
				2F846CA828402EB3008A5E25 /* MainView.swift in Sources */,
				2F846C7A28402C20008A5E25 /* GitAppApp.swift in Sources */,
				2F846CAE28402F1A008A5E25 /* RepositoryCell.swift in Sources */,
				2F846C9228402D66008A5E25 /* Defaults.swift in Sources */,
				2F846C9028402D3A008A5E25 /* Strings.swift in Sources */,
				2F846CB428402FA4008A5E25 /* Request.swift in Sources */,
				2F846C9628402DB7008A5E25 /* MRepositoriesList.swift in Sources */,
				2F846CB628402FB0008A5E25 /* ImageDownloader.swift in Sources */,
				2F846C8E28402D2F008A5E25 /* Constants.swift in Sources */,
				2F846CA628402E98008A5E25 /* DataViewModel.swift in Sources */,
				2F846CBE28402FEB008A5E25 /* DateExtension.swift in Sources */,
				2F846CAC28402EE8008A5E25 /* UserView.swift in Sources */,
				2F846CAA28402ED5008A5E25 /* RepositoryDetailView.swift in Sources */,
				2F846CBC28402FDC008A5E25 /* StringExtension.swift in Sources */,
				2F846CB228402F4E008A5E25 /* UserCell.swift in Sources */,
			);
			runOnlyForDeploymentPostprocessing = 0;
		};
/* End PBXSourcesBuildPhase section */

/* Begin XCBuildConfiguration section */
		2F846C8228402C25008A5E25 /* Debug */ = {
			isa = XCBuildConfiguration;
			buildSettings = {
				ALWAYS_SEARCH_USER_PATHS = NO;
				CLANG_ANALYZER_NONNULL = YES;
				CLANG_ANALYZER_NUMBER_OBJECT_CONVERSION = YES_AGGRESSIVE;
				CLANG_CXX_LANGUAGE_STANDARD = "gnu++17";
				CLANG_ENABLE_MODULES = YES;
				CLANG_ENABLE_OBJC_ARC = YES;
				CLANG_ENABLE_OBJC_WEAK = YES;
				CLANG_WARN_BLOCK_CAPTURE_AUTORELEASING = YES;
				CLANG_WARN_BOOL_CONVERSION = YES;
				CLANG_WARN_COMMA = YES;
				CLANG_WARN_CONSTANT_CONVERSION = YES;
				CLANG_WARN_DEPRECATED_OBJC_IMPLEMENTATIONS = YES;
				CLANG_WARN_DIRECT_OBJC_ISA_USAGE = YES_ERROR;
				CLANG_WARN_DOCUMENTATION_COMMENTS = YES;
				CLANG_WARN_EMPTY_BODY = YES;
				CLANG_WARN_ENUM_CONVERSION = YES;
				CLANG_WARN_INFINITE_RECURSION = YES;
				CLANG_WARN_INT_CONVERSION = YES;
				CLANG_WARN_NON_LITERAL_NULL_CONVERSION = YES;
				CLANG_WARN_OBJC_IMPLICIT_RETAIN_SELF = YES;
				CLANG_WARN_OBJC_LITERAL_CONVERSION = YES;
				CLANG_WARN_OBJC_ROOT_CLASS = YES_ERROR;
				CLANG_WARN_QUOTED_INCLUDE_IN_FRAMEWORK_HEADER = YES;
				CLANG_WARN_RANGE_LOOP_ANALYSIS = YES;
				CLANG_WARN_STRICT_PROTOTYPES = YES;
				CLANG_WARN_SUSPICIOUS_MOVE = YES;
				CLANG_WARN_UNGUARDED_AVAILABILITY = YES_AGGRESSIVE;
				CLANG_WARN_UNREACHABLE_CODE = YES;
				CLANG_WARN__DUPLICATE_METHOD_MATCH = YES;
				COPY_PHASE_STRIP = NO;
				DEBUG_INFORMATION_FORMAT = dwarf;
				ENABLE_STRICT_OBJC_MSGSEND = YES;
				ENABLE_TESTABILITY = YES;
				GCC_C_LANGUAGE_STANDARD = gnu11;
				GCC_DYNAMIC_NO_PIC = NO;
				GCC_NO_COMMON_BLOCKS = YES;
				GCC_OPTIMIZATION_LEVEL = 0;
				GCC_PREPROCESSOR_DEFINITIONS = (
					"DEBUG=1",
					"$(inherited)",
				);
				GCC_WARN_64_TO_32_BIT_CONVERSION = YES;
				GCC_WARN_ABOUT_RETURN_TYPE = YES_ERROR;
				GCC_WARN_UNDECLARED_SELECTOR = YES;
				GCC_WARN_UNINITIALIZED_AUTOS = YES_AGGRESSIVE;
				GCC_WARN_UNUSED_FUNCTION = YES;
				GCC_WARN_UNUSED_VARIABLE = YES;
				IPHONEOS_DEPLOYMENT_TARGET = 15.5;
				MTL_ENABLE_DEBUG_INFO = INCLUDE_SOURCE;
				MTL_FAST_MATH = YES;
				ONLY_ACTIVE_ARCH = YES;
				SDKROOT = iphoneos;
				SWIFT_ACTIVE_COMPILATION_CONDITIONS = DEBUG;
				SWIFT_OPTIMIZATION_LEVEL = "-Onone";
			};
			name = Debug;
		};
		2F846C8328402C25008A5E25 /* Release */ = {
			isa = XCBuildConfiguration;
			buildSettings = {
				ALWAYS_SEARCH_USER_PATHS = NO;
				CLANG_ANALYZER_NONNULL = YES;
				CLANG_ANALYZER_NUMBER_OBJECT_CONVERSION = YES_AGGRESSIVE;
				CLANG_CXX_LANGUAGE_STANDARD = "gnu++17";
				CLANG_ENABLE_MODULES = YES;
				CLANG_ENABLE_OBJC_ARC = YES;
				CLANG_ENABLE_OBJC_WEAK = YES;
				CLANG_WARN_BLOCK_CAPTURE_AUTORELEASING = YES;
				CLANG_WARN_BOOL_CONVERSION = YES;
				CLANG_WARN_COMMA = YES;
				CLANG_WARN_CONSTANT_CONVERSION = YES;
				CLANG_WARN_DEPRECATED_OBJC_IMPLEMENTATIONS = YES;
				CLANG_WARN_DIRECT_OBJC_ISA_USAGE = YES_ERROR;
				CLANG_WARN_DOCUMENTATION_COMMENTS = YES;
				CLANG_WARN_EMPTY_BODY = YES;
				CLANG_WARN_ENUM_CONVERSION = YES;
				CLANG_WARN_INFINITE_RECURSION = YES;
				CLANG_WARN_INT_CONVERSION = YES;
				CLANG_WARN_NON_LITERAL_NULL_CONVERSION = YES;
				CLANG_WARN_OBJC_IMPLICIT_RETAIN_SELF = YES;
				CLANG_WARN_OBJC_LITERAL_CONVERSION = YES;
				CLANG_WARN_OBJC_ROOT_CLASS = YES_ERROR;
				CLANG_WARN_QUOTED_INCLUDE_IN_FRAMEWORK_HEADER = YES;
				CLANG_WARN_RANGE_LOOP_ANALYSIS = YES;
				CLANG_WARN_STRICT_PROTOTYPES = YES;
				CLANG_WARN_SUSPICIOUS_MOVE = YES;
				CLANG_WARN_UNGUARDED_AVAILABILITY = YES_AGGRESSIVE;
				CLANG_WARN_UNREACHABLE_CODE = YES;
				CLANG_WARN__DUPLICATE_METHOD_MATCH = YES;
				COPY_PHASE_STRIP = NO;
				DEBUG_INFORMATION_FORMAT = "dwarf-with-dsym";
				ENABLE_NS_ASSERTIONS = NO;
				ENABLE_STRICT_OBJC_MSGSEND = YES;
				GCC_C_LANGUAGE_STANDARD = gnu11;
				GCC_NO_COMMON_BLOCKS = YES;
				GCC_WARN_64_TO_32_BIT_CONVERSION = YES;
				GCC_WARN_ABOUT_RETURN_TYPE = YES_ERROR;
				GCC_WARN_UNDECLARED_SELECTOR = YES;
				GCC_WARN_UNINITIALIZED_AUTOS = YES_AGGRESSIVE;
				GCC_WARN_UNUSED_FUNCTION = YES;
				GCC_WARN_UNUSED_VARIABLE = YES;
				IPHONEOS_DEPLOYMENT_TARGET = 15.5;
				MTL_ENABLE_DEBUG_INFO = NO;
				MTL_FAST_MATH = YES;
				SDKROOT = iphoneos;
				SWIFT_COMPILATION_MODE = wholemodule;
				SWIFT_OPTIMIZATION_LEVEL = "-O";
				VALIDATE_PRODUCT = YES;
			};
			name = Release;
		};
		2F846C8528402C25008A5E25 /* Debug */ = {
			isa = XCBuildConfiguration;
			buildSettings = {
				ASSETCATALOG_COMPILER_APPICON_NAME = AppIcon;
				ASSETCATALOG_COMPILER_GLOBAL_ACCENT_COLOR_NAME = AccentColor;
				CODE_SIGN_STYLE = Automatic;
				CURRENT_PROJECT_VERSION = 1;
				DEVELOPMENT_ASSET_PATHS = "\"GitApp/Preview Content\"";
				DEVELOPMENT_TEAM = A7XVJUUYWV;
				ENABLE_PREVIEWS = YES;
				GENERATE_INFOPLIST_FILE = YES;
				INFOPLIST_FILE = GitApp/Info.plist;
				INFOPLIST_KEY_NSFaceIDUsageDescription = "Required to auth in the app";
				INFOPLIST_KEY_UIApplicationSceneManifest_Generation = YES;
				INFOPLIST_KEY_UIApplicationSupportsIndirectInputEvents = YES;
				INFOPLIST_KEY_UILaunchScreen_Generation = YES;
				INFOPLIST_KEY_UISupportedInterfaceOrientations = UIInterfaceOrientationPortrait;
				INFOPLIST_KEY_UISupportedInterfaceOrientations_iPhone = UIInterfaceOrientationPortrait;
				INFOPLIST_KEY_UIUserInterfaceStyle = Light;
				LD_RUNPATH_SEARCH_PATHS = (
					"$(inherited)",
					"@executable_path/Frameworks",
				);
				MARKETING_VERSION = 1.0;
				PRODUCT_BUNDLE_IDENTIFIER = com.jeanca.GitApp;
				PRODUCT_NAME = "$(TARGET_NAME)";
				SWIFT_EMIT_LOC_STRINGS = YES;
				SWIFT_VERSION = 5.0;
				TARGETED_DEVICE_FAMILY = 1;
			};
			name = Debug;
		};
		2F846C8628402C25008A5E25 /* Release */ = {
			isa = XCBuildConfiguration;
			buildSettings = {
				ASSETCATALOG_COMPILER_APPICON_NAME = AppIcon;
				ASSETCATALOG_COMPILER_GLOBAL_ACCENT_COLOR_NAME = AccentColor;
				CODE_SIGN_STYLE = Automatic;
				CURRENT_PROJECT_VERSION = 1;
				DEVELOPMENT_ASSET_PATHS = "\"GitApp/Preview Content\"";
				DEVELOPMENT_TEAM = A7XVJUUYWV;
				ENABLE_PREVIEWS = YES;
				GENERATE_INFOPLIST_FILE = YES;
				INFOPLIST_FILE = GitApp/Info.plist;
				INFOPLIST_KEY_NSFaceIDUsageDescription = "Required to auth in the app";
				INFOPLIST_KEY_UIApplicationSceneManifest_Generation = YES;
				INFOPLIST_KEY_UIApplicationSupportsIndirectInputEvents = YES;
				INFOPLIST_KEY_UILaunchScreen_Generation = YES;
				INFOPLIST_KEY_UISupportedInterfaceOrientations = UIInterfaceOrientationPortrait;
				INFOPLIST_KEY_UISupportedInterfaceOrientations_iPhone = UIInterfaceOrientationPortrait;
				INFOPLIST_KEY_UIUserInterfaceStyle = Light;
				LD_RUNPATH_SEARCH_PATHS = (
					"$(inherited)",
					"@executable_path/Frameworks",
				);
				MARKETING_VERSION = 1.0;
				PRODUCT_BUNDLE_IDENTIFIER = com.jeanca.GitApp;
				PRODUCT_NAME = "$(TARGET_NAME)";
				SWIFT_EMIT_LOC_STRINGS = YES;
				SWIFT_VERSION = 5.0;
				TARGETED_DEVICE_FAMILY = 1;
			};
			name = Release;
		};
/* End XCBuildConfiguration section */

/* Begin XCConfigurationList section */
		2F846C7128402C20008A5E25 /* Build configuration list for PBXProject "GitApp" */ = {
			isa = XCConfigurationList;
			buildConfigurations = (
				2F846C8228402C25008A5E25 /* Debug */,
				2F846C8328402C25008A5E25 /* Release */,
			);
			defaultConfigurationIsVisible = 0;
			defaultConfigurationName = Release;
		};
		2F846C8428402C25008A5E25 /* Build configuration list for PBXNativeTarget "GitApp" */ = {
			isa = XCConfigurationList;
			buildConfigurations = (
				2F846C8528402C25008A5E25 /* Debug */,
				2F846C8628402C25008A5E25 /* Release */,
			);
			defaultConfigurationIsVisible = 0;
			defaultConfigurationName = Release;
		};
/* End XCConfigurationList section */
	};
	rootObject = 2F846C6E28402C20008A5E25 /* Project object */;
}
